<?xml version="1.0" encoding="utf-8"?>
<Project ToolsVersion="4.0" xmlns="http://schemas.microsoft.com/developer/msbuild/2003">
  <ItemGroup>
    <Filter Include="소스 파일">
      <UniqueIdentifier>{4FC737F1-C7A5-4376-A066-2A32D752A2FF}</UniqueIdentifier>
      <Extensions>cpp;c;cc;cxx;c++;cppm;ixx;def;odl;idl;hpj;bat;asm;asmx</Extensions>
    </Filter>
    <Filter Include="리소스 파일">
      <UniqueIdentifier>{67DA6AB6-F800-4c08-8B7A-83BB121AAD01}</UniqueIdentifier>
      <Extensions>rc;ico;cur;bmp;dlg;rc2;rct;bin;rgs;gif;jpg;jpeg;jpe;resx;tiff;tif;png;wav;mfcribbon-ms</Extensions>
    </Filter>
    <Filter Include="소스 파일\01. Main">
      <UniqueIdentifier>{3282b56f-64dd-4a4e-8ba1-906610381428}</UniqueIdentifier>
    </Filter>
    <Filter Include="소스 파일\99. Headers">
      <UniqueIdentifier>{79bdcef6-21f2-4052-8063-87f189cf661d}</UniqueIdentifier>
    </Filter>
    <Filter Include="소스 파일\99. Headers\99. Default">
      <UniqueIdentifier>{e5ea2259-a8b2-4860-8cce-e4ad580239d7}</UniqueIdentifier>
    </Filter>
    <Filter Include="소스 파일\02. Manager">
      <UniqueIdentifier>{d7ea159f-bde0-43cd-950d-30eeae7b4374}</UniqueIdentifier>
    </Filter>
    <Filter Include="소스 파일\02. Manager\01. Input">
      <UniqueIdentifier>{2e109b1f-7d53-4a7b-bf23-42fdaaf68520}</UniqueIdentifier>
    </Filter>
    <Filter Include="소스 파일\02. Manager\02. Time">
      <UniqueIdentifier>{c7720e92-1a88-42f7-9da7-daf285de4a1f}</UniqueIdentifier>
    </Filter>
    <Filter Include="소스 파일\02. Manager\04. Object">
      <UniqueIdentifier>{a8927c77-26b7-43d8-9c6c-8eaa7220ce12}</UniqueIdentifier>
    </Filter>
    <Filter Include="소스 파일\02. Manager\03. Scene">
      <UniqueIdentifier>{fdecdd0e-6af1-4d22-a1f3-484f73e8899b}</UniqueIdentifier>
    </Filter>
    <Filter Include="소스 파일\03. Scene">
      <UniqueIdentifier>{1447b2d4-2a8b-4c9a-b442-764e8373b8e2}</UniqueIdentifier>
    </Filter>
    <Filter Include="소스 파일\04. Objects">
      <UniqueIdentifier>{9d9ce22e-2fc0-4147-8447-d690b156908b}</UniqueIdentifier>
    </Filter>
    <Filter Include="소스 파일\03. Scene\01. DevScene">
      <UniqueIdentifier>{2350c77f-d531-4df9-9e6a-3707a0a48cb3}</UniqueIdentifier>
    </Filter>
    <Filter Include="소스 파일\04. Objects\01. Player">
      <UniqueIdentifier>{3ea98400-fa45-4f87-98af-6739b970efd8}</UniqueIdentifier>
    </Filter>
  </ItemGroup>
  <ItemGroup>
    <ClInclude Include="pf_Win32API.h">
      <Filter>소스 파일\01. Main</Filter>
    </ClInclude>
    <ClInclude Include="framework.h">
      <Filter>소스 파일\99. Headers\99. Default</Filter>
    </ClInclude>
    <ClInclude Include="Resource.h">
      <Filter>소스 파일\99. Headers\99. Default</Filter>
    </ClInclude>
    <ClInclude Include="targetver.h">
      <Filter>소스 파일\99. Headers\99. Default</Filter>
    </ClInclude>
    <ClInclude Include="pch.h">
      <Filter>소스 파일\99. Headers</Filter>
    </ClInclude>
    <ClInclude Include="Core.h">
      <Filter>소스 파일\01. Main</Filter>
    </ClInclude>
    <ClInclude Include="LIBREF.h">
      <Filter>소스 파일\99. Headers</Filter>
    </ClInclude>
    <ClInclude Include="STANDARD.h">
      <Filter>소스 파일\99. Headers</Filter>
    </ClInclude>
    <ClInclude Include="Defines.h">
      <Filter>소스 파일\99. Headers</Filter>
    </ClInclude>
    <ClInclude Include="Types.h">
      <Filter>소스 파일\99. Headers</Filter>
    </ClInclude>
    <ClInclude Include="InputMgr.h">
      <Filter>소스 파일\02. Manager\01. Input</Filter>
    </ClInclude>
    <ClInclude Include="TimeMgr.h">
      <Filter>소스 파일\02. Manager\02. Time</Filter>
    </ClInclude>
    <ClInclude Include="ObjectMgr.h">
      <Filter>소스 파일\02. Manager\04. Object</Filter>
    </ClInclude>
    <ClInclude Include="SceneMgr.h">
      <Filter>소스 파일\02. Manager\03. Scene</Filter>
    </ClInclude>
    <ClInclude Include="Scene.h">
      <Filter>소스 파일\03. Scene</Filter>
    </ClInclude>
    <ClInclude Include="Object.h">
      <Filter>소스 파일\04. Objects</Filter>
    </ClInclude>
    <ClInclude Include="Player.h">
      <Filter>소스 파일\04. Objects\01. Player</Filter>
    </ClInclude>
    <ClInclude Include="DevScene.h">
      <Filter>소스 파일\03. Scene\01. DevScene</Filter>
    </ClInclude>
  </ItemGroup>
  <ItemGroup>
    <ResourceCompile Include="pf_Win32API.rc">
      <Filter>리소스 파일</Filter>
    </ResourceCompile>
  </ItemGroup>
  <ItemGroup>
    <Image Include="small.ico">
      <Filter>리소스 파일</Filter>
    </Image>
    <Image Include="pf_Win32API.ico">
      <Filter>리소스 파일</Filter>
    </Image>
  </ItemGroup>
  <ItemGroup>
    <ClCompile Include="pf_Win32API.cpp">
      <Filter>소스 파일\01. Main</Filter>
    </ClCompile>
    <ClCompile Include="pch.cpp">
      <Filter>소스 파일\99. Headers</Filter>
    </ClCompile>
    <ClCompile Include="Core.cpp">
      <Filter>소스 파일\01. Main</Filter>
    </ClCompile>
    <ClCompile Include="InputMgr.cpp">
      <Filter>소스 파일\02. Manager\01. Input</Filter>
    </ClCompile>
    <ClCompile Include="TimeMgr.cpp">
      <Filter>소스 파일\02. Manager\02. Time</Filter>
    </ClCompile>
    <ClCompile Include="ObjectMgr.cpp">
      <Filter>소스 파일\02. Manager\04. Object</Filter>
    </ClCompile>
    <ClCompile Include="SceneMgr.cpp">
      <Filter>소스 파일\02. Manager\03. Scene</Filter>
    </ClCompile>
    <ClCompile Include="Scene.cpp">
      <Filter>소스 파일\03. Scene</Filter>
    </ClCompile>
    <ClCompile Include="Object.cpp">
      <Filter>소스 파일\04. Objects</Filter>
    </ClCompile>
    <ClCompile Include="Player.cpp">
      <Filter>소스 파일\04. Objects\01. Player</Filter>
    </ClCompile>
    <ClCompile Include="DevScene.cpp">
      <Filter>소스 파일\03. Scene\01. DevScene</Filter>
    </ClCompile>
  </ItemGroup>
</Project>